
Microsoft Visual Studio Solution File, Format Version 12.00
# Visual Studio Version 16
VisualStudioVersion = 16.0.30804.86
MinimumVisualStudioVersion = 10.0.40219.1
Project("{FAE04EC0-301F-11D3-BF4B-00C04F79EFBC}") = "ConsinmentShop", "ConsinmentShop\ConsinmentShop.csproj", "{4FE2A84F-7967-4387-9ADE-D54B314CC69B}"
EndProject
Project("{FAE04EC0-301F-11D3-BF4B-00C04F79EFBC}") = "ConsginementLibrary", "ConsginementLibrary\ConsginementLibrary.csproj", "{3DD6C939-192E-462F-BA35-DABFCCC60291}"
EndProject
Global
	GlobalSection(SolutionConfigurationPlatforms) = preSolution
		Debug|Any CPU = Debug|Any CPU
		Release|Any CPU = Release|Any CPU
	EndGlobalSection
	GlobalSection(ProjectConfigurationPlatforms) = postSolution
		{4FE2A84F-7967-4387-9ADE-D54B314CC69B}.Debug|Any CPU.ActiveCfg = Debug|Any CPU
		{4FE2A84F-7967-4387-9ADE-D54B314CC69B}.Debug|Any CPU.Build.0 = Debug|Any CPU
		{4FE2A84F-7967-4387-9ADE-D54B314CC69B}.Release|Any CPU.ActiveCfg = Release|Any CPU
		{4FE2A84F-7967-4387-9ADE-D54B314CC69B}.Release|Any CPU.Build.0 = Release|Any CPU
		{3DD6C939-192E-462F-BA35-DABFCCC60291}.Debug|Any CPU.ActiveCfg = Debug|Any CPU
		{3DD6C939-192E-462F-BA35-DABFCCC60291}.Debug|Any CPU.Build.0 = Debug|Any CPU
		{3DD6C939-192E-462F-BA35-DABFCCC60291}.Release|Any CPU.ActiveCfg = Release|Any CPU
		{3DD6C939-192E-462F-BA35-DABFCCC60291}.Release|Any CPU.Build.0 = Release|Any CPU
	EndGlobalSection
	GlobalSection(SolutionProperties) = preSolution
		HideSolutionNode = FALSE
	EndGlobalSection
	GlobalSection(ExtensibilityGlobals) = postSolution
		SolutionGuid = {253945FA-33C5-4488-BB97-70DE15F1E9A1}
	EndGlobalSection
EndGlobal
